<Solution>
  <Project Path="kamen nuzky papir/kamen nuzky papir.csproj" />
  <Project Path="kostka/kostka.csproj" Id="8dadf828-f8a6-40ef-ae5d-81dc37ad289e" />
  <Project Path="papoušek projekt/papoušek projekt.csproj" />
  <Project Path="piškvorky/piškvorky.csproj" Id="d912549a-2eac-4ed9-8624-aae08356231d" />
  <Project Path="šibenice/šibenice.csproj" Id="cbd8c8eb-c59f-480c-98fa-cc6a08d180f4" />
</Solution>
